
Microsoft Visual Studio Solution File, Format Version 12.00
# Visual Studio Version 17
VisualStudioVersion = 17.8.34408.163
MinimumVisualStudioVersion = 10.0.40219.1
Project("{FAE04EC0-301F-11D3-BF4B-00C04F79EFBC}") = "Krushel_OOP_Lab0", "Krushel_OOP_Lab0\Krushel_OOP_Lab0.csproj", "{433FCED8-09DE-4F9A-AE27-1DD47814F0EA}"
EndProject
Global
	GlobalSection(SolutionConfigurationPlatforms) = preSolution
		Debug|Any CPU = Debug|Any CPU
		Release|Any CPU = Release|Any CPU
	EndGlobalSection
	GlobalSection(ProjectConfigurationPlatforms) = postSolution
		{433FCED8-09DE-4F9A-AE27-1DD47814F0EA}.Debug|Any CPU.ActiveCfg = Debug|Any CPU
		{433FCED8-09DE-4F9A-AE27-1DD47814F0EA}.Debug|Any CPU.Build.0 = Debug|Any CPU
		{433FCED8-09DE-4F9A-AE27-1DD47814F0EA}.Release|Any CPU.ActiveCfg = Release|Any CPU
		{433FCED8-09DE-4F9A-AE27-1DD47814F0EA}.Release|Any CPU.Build.0 = Release|Any CPU
	EndGlobalSection
	GlobalSection(SolutionProperties) = preSolution
		HideSolutionNode = FALSE
	EndGlobalSection
	GlobalSection(ExtensibilityGlobals) = postSolution
		SolutionGuid = {26B0731A-3938-4171-B819-2BCC560C074D}
	EndGlobalSection
EndGlobal
